# This file is automatically @generated by Poetry 1.7.1 and should not be changed by hand.

[[package]]
name = "xdg-base-dirs"
version = "6.0.1"
description = "Variables defined by the XDG Base Directory Specification"
optional = false
python-versions = ">=3.10,<4.0"
files = [
    {file = "xdg_base_dirs-6.0.1-py3-none-any.whl", hash = "sha256:63f6ebc1721ced2e86c340856e004ef829501a30a37e17079c52cfaf0e1741b9"},
    {file = "xdg_base_dirs-6.0.1.tar.gz", hash = "sha256:b4c8f4ba72d1286018b25eea374ec6fbf4fddda3d4137edf50de95de53e195a6"},
]

[metadata]
lock-version = "2.0"
python-versions = "^3.12"
content-hash = "c7df094ca2e17d1acdf1f927540607f84c98166978eedcded53b77f9b9295f65"
